// !$*UTF8*$!
{
	archiveVersion = 1;
	classes = {
	};
	objectVersion = 46;
	objects = {

/* Begin PBXBuildFile section */
		04B9D807193A2D7B00D2790A /* Foundation.framework in Frameworks */ = {isa = PBXBuildFile; fileRef = 04B9D806193A2D7B00D2790A /* Foundation.framework */; };
		04B9D809193A2D7B00D2790A /* CoreGraphics.framework in Frameworks */ = {isa = PBXBuildFile; fileRef = 04B9D808193A2D7B00D2790A /* CoreGraphics.framework */; };
		04B9D80B193A2D7B00D2790A /* UIKit.framework in Frameworks */ = {isa = PBXBuildFile; fileRef = 04B9D80A193A2D7B00D2790A /* UIKit.framework */; };
		04B9D811193A2D7B00D2790A /* InfoPlist.strings in Resources */ = {isa = PBXBuildFile; fileRef = 04B9D80F193A2D7B00D2790A /* InfoPlist.strings */; };
		04B9D813193A2D7B00D2790A /* main.m in Sources */ = {isa = PBXBuildFile; fileRef = 04B9D812193A2D7B00D2790A /* main.m */; };
		04B9D817193A2D7B00D2790A /* AppDelegate.m in Sources */ = {isa = PBXBuildFile; fileRef = 04B9D816193A2D7B00D2790A /* AppDelegate.m */; };
		04B9D81A193A2D7B00D2790A /* Main.storyboard in Resources */ = {isa = PBXBuildFile; fileRef = 04B9D818193A2D7B00D2790A /* Main.storyboard */; };
		04B9D822193A2D7B00D2790A /* Images.xcassets in Resources */ = {isa = PBXBuildFile; fileRef = 04B9D821193A2D7B00D2790A /* Images.xcassets */; };
		04B9D829193A2D7B00D2790A /* XCTest.framework in Frameworks */ = {isa = PBXBuildFile; fileRef = 04B9D828193A2D7B00D2790A /* XCTest.framework */; };
		04B9D82A193A2D7B00D2790A /* Foundation.framework in Frameworks */ = {isa = PBXBuildFile; fileRef = 04B9D806193A2D7B00D2790A /* Foundation.framework */; };
		04B9D82B193A2D7B00D2790A /* UIKit.framework in Frameworks */ = {isa = PBXBuildFile; fileRef = 04B9D80A193A2D7B00D2790A /* UIKit.framework */; };
		04B9D833193A2D7B00D2790A /* InfoPlist.strings in Resources */ = {isa = PBXBuildFile; fileRef = 04B9D831193A2D7B00D2790A /* InfoPlist.strings */; };
		04B9D835193A2D7B00D2790A /* IndenticonDemoTests.m in Sources */ = {isa = PBXBuildFile; fileRef = 04B9D834193A2D7B00D2790A /* IndenticonDemoTests.m */; };
		04B9D840193A306900D2790A /* IdenticonView.m in Sources */ = {isa = PBXBuildFile; fileRef = 04B9D83F193A306900D2790A /* IdenticonView.m */; };
		04B9D843193A350600D2790A /* BigIndenticonViewController.m in Sources */ = {isa = PBXBuildFile; fileRef = 04B9D842193A350600D2790A /* BigIndenticonViewController.m */; };
		04B9D846193A41A700D2790A /* SearchTableViewController.m in Sources */ = {isa = PBXBuildFile; fileRef = 04B9D845193A41A700D2790A /* SearchTableViewController.m */; };
		04B9D849193A436100D2790A /* SearchResultCell.m in Sources */ = {isa = PBXBuildFile; fileRef = 04B9D848193A436100D2790A /* SearchResultCell.m */; };
/* End PBXBuildFile section */

/* Begin PBXContainerItemProxy section */
		04B9D82C193A2D7B00D2790A /* PBXContainerItemProxy */ = {
			isa = PBXContainerItemProxy;
			containerPortal = 04B9D7FB193A2D7B00D2790A /* Project object */;
			proxyType = 1;
			remoteGlobalIDString = 04B9D802193A2D7B00D2790A;
			remoteInfo = IndenticonDemo;
		};
/* End PBXContainerItemProxy section */

/* Begin PBXFileReference section */
		04B9D803193A2D7B00D2790A /* IdenticonDemo.app */ = {isa = PBXFileReference; explicitFileType = wrapper.application; includeInIndex = 0; path = IdenticonDemo.app; sourceTree = BUILT_PRODUCTS_DIR; };
		04B9D806193A2D7B00D2790A /* Foundation.framework */ = {isa = PBXFileReference; lastKnownFileType = wrapper.framework; name = Foundation.framework; path = System/Library/Frameworks/Foundation.framework; sourceTree = SDKROOT; };
		04B9D808193A2D7B00D2790A /* CoreGraphics.framework */ = {isa = PBXFileReference; lastKnownFileType = wrapper.framework; name = CoreGraphics.framework; path = System/Library/Frameworks/CoreGraphics.framework; sourceTree = SDKROOT; };
		04B9D80A193A2D7B00D2790A /* UIKit.framework */ = {isa = PBXFileReference; lastKnownFileType = wrapper.framework; name = UIKit.framework; path = System/Library/Frameworks/UIKit.framework; sourceTree = SDKROOT; };
		04B9D80E193A2D7B00D2790A /* IdenticonDemo-Info.plist */ = {isa = PBXFileReference; lastKnownFileType = text.plist.xml; path = "IdenticonDemo-Info.plist"; sourceTree = "<group>"; };
		04B9D810193A2D7B00D2790A /* en */ = {isa = PBXFileReference; lastKnownFileType = text.plist.strings; name = en; path = en.lproj/InfoPlist.strings; sourceTree = "<group>"; };
		04B9D812193A2D7B00D2790A /* main.m */ = {isa = PBXFileReference; lastKnownFileType = sourcecode.c.objc; path = main.m; sourceTree = "<group>"; };
		04B9D814193A2D7B00D2790A /* IdenticonDemo-Prefix.pch */ = {isa = PBXFileReference; lastKnownFileType = sourcecode.c.h; path = "IdenticonDemo-Prefix.pch"; sourceTree = "<group>"; };
		04B9D815193A2D7B00D2790A /* AppDelegate.h */ = {isa = PBXFileReference; lastKnownFileType = sourcecode.c.h; path = AppDelegate.h; sourceTree = "<group>"; };
		04B9D816193A2D7B00D2790A /* AppDelegate.m */ = {isa = PBXFileReference; lastKnownFileType = sourcecode.c.objc; path = AppDelegate.m; sourceTree = "<group>"; };
		04B9D819193A2D7B00D2790A /* Base */ = {isa = PBXFileReference; lastKnownFileType = file.storyboard; name = Base; path = Base.lproj/Main.storyboard; sourceTree = "<group>"; };
		04B9D821193A2D7B00D2790A /* Images.xcassets */ = {isa = PBXFileReference; lastKnownFileType = folder.assetcatalog; path = Images.xcassets; sourceTree = "<group>"; };
		04B9D827193A2D7B00D2790A /* IdenticonDemoTests.xctest */ = {isa = PBXFileReference; explicitFileType = wrapper.cfbundle; includeInIndex = 0; path = IdenticonDemoTests.xctest; sourceTree = BUILT_PRODUCTS_DIR; };
		04B9D828193A2D7B00D2790A /* XCTest.framework */ = {isa = PBXFileReference; lastKnownFileType = wrapper.framework; name = XCTest.framework; path = Library/Frameworks/XCTest.framework; sourceTree = DEVELOPER_DIR; };
		04B9D830193A2D7B00D2790A /* IdenticonDemoTests-Info.plist */ = {isa = PBXFileReference; lastKnownFileType = text.plist.xml; path = "IdenticonDemoTests-Info.plist"; sourceTree = "<group>"; };
		04B9D832193A2D7B00D2790A /* en */ = {isa = PBXFileReference; lastKnownFileType = text.plist.strings; name = en; path = en.lproj/InfoPlist.strings; sourceTree = "<group>"; };
		04B9D834193A2D7B00D2790A /* IndenticonDemoTests.m */ = {isa = PBXFileReference; lastKnownFileType = sourcecode.c.objc; path = IndenticonDemoTests.m; sourceTree = "<group>"; };
		04B9D83E193A306900D2790A /* IdenticonView.h */ = {isa = PBXFileReference; fileEncoding = 4; lastKnownFileType = sourcecode.c.h; path = IdenticonView.h; sourceTree = "<group>"; };
		04B9D83F193A306900D2790A /* IdenticonView.m */ = {isa = PBXFileReference; fileEncoding = 4; lastKnownFileType = sourcecode.c.objc; path = IdenticonView.m; sourceTree = "<group>"; };
		04B9D841193A350600D2790A /* BigIndenticonViewController.h */ = {isa = PBXFileReference; fileEncoding = 4; lastKnownFileType = sourcecode.c.h; path = BigIndenticonViewController.h; sourceTree = "<group>"; };
		04B9D842193A350600D2790A /* BigIndenticonViewController.m */ = {isa = PBXFileReference; fileEncoding = 4; lastKnownFileType = sourcecode.c.objc; path = BigIndenticonViewController.m; sourceTree = "<group>"; };
		04B9D844193A41A700D2790A /* SearchTableViewController.h */ = {isa = PBXFileReference; fileEncoding = 4; lastKnownFileType = sourcecode.c.h; path = SearchTableViewController.h; sourceTree = "<group>"; };
		04B9D845193A41A700D2790A /* SearchTableViewController.m */ = {isa = PBXFileReference; fileEncoding = 4; lastKnownFileType = sourcecode.c.objc; path = SearchTableViewController.m; sourceTree = "<group>"; };
		04B9D847193A436100D2790A /* SearchResultCell.h */ = {isa = PBXFileReference; fileEncoding = 4; lastKnownFileType = sourcecode.c.h; path = SearchResultCell.h; sourceTree = "<group>"; };
		04B9D848193A436100D2790A /* SearchResultCell.m */ = {isa = PBXFileReference; fileEncoding = 4; lastKnownFileType = sourcecode.c.objc; path = SearchResultCell.m; sourceTree = "<group>"; };
/* End PBXFileReference section */

/* Begin PBXFrameworksBuildPhase section */
		04B9D800193A2D7B00D2790A /* Frameworks */ = {
			isa = PBXFrameworksBuildPhase;
			buildActionMask = 2147483647;
			files = (
				04B9D809193A2D7B00D2790A /* CoreGraphics.framework in Frameworks */,
				04B9D80B193A2D7B00D2790A /* UIKit.framework in Frameworks */,
				04B9D807193A2D7B00D2790A /* Foundation.framework in Frameworks */,
			);
			runOnlyForDeploymentPostprocessing = 0;
		};
		04B9D824193A2D7B00D2790A /* Frameworks */ = {
			isa = PBXFrameworksBuildPhase;
			buildActionMask = 2147483647;
			files = (
				04B9D829193A2D7B00D2790A /* XCTest.framework in Frameworks */,
				04B9D82B193A2D7B00D2790A /* UIKit.framework in Frameworks */,
				04B9D82A193A2D7B00D2790A /* Foundation.framework in Frameworks */,
			);
			runOnlyForDeploymentPostprocessing = 0;
		};
/* End PBXFrameworksBuildPhase section */

/* Begin PBXGroup section */
		04B9D7FA193A2D7B00D2790A = {
			isa = PBXGroup;
			children = (
				04B9D80C193A2D7B00D2790A /* IndenticonDemo */,
				04B9D82E193A2D7B00D2790A /* IndenticonDemoTests */,
				04B9D805193A2D7B00D2790A /* Frameworks */,
				04B9D804193A2D7B00D2790A /* Products */,
			);
			sourceTree = "<group>";
		};
		04B9D804193A2D7B00D2790A /* Products */ = {
			isa = PBXGroup;
			children = (
				04B9D803193A2D7B00D2790A /* IdenticonDemo.app */,
				04B9D827193A2D7B00D2790A /* IdenticonDemoTests.xctest */,
			);
			name = Products;
			sourceTree = "<group>";
		};
		04B9D805193A2D7B00D2790A /* Frameworks */ = {
			isa = PBXGroup;
			children = (
				04B9D806193A2D7B00D2790A /* Foundation.framework */,
				04B9D808193A2D7B00D2790A /* CoreGraphics.framework */,
				04B9D80A193A2D7B00D2790A /* UIKit.framework */,
				04B9D828193A2D7B00D2790A /* XCTest.framework */,
			);
			name = Frameworks;
			sourceTree = "<group>";
		};
		04B9D80C193A2D7B00D2790A /* IndenticonDemo */ = {
			isa = PBXGroup;
			children = (
				04B9D841193A350600D2790A /* BigIndenticonViewController.h */,
				04B9D842193A350600D2790A /* BigIndenticonViewController.m */,
				04B9D844193A41A700D2790A /* SearchTableViewController.h */,
				04B9D845193A41A700D2790A /* SearchTableViewController.m */,
				04B9D815193A2D7B00D2790A /* AppDelegate.h */,
				04B9D816193A2D7B00D2790A /* AppDelegate.m */,
				04B9D818193A2D7B00D2790A /* Main.storyboard */,
				04B9D821193A2D7B00D2790A /* Images.xcassets */,
				04B9D80D193A2D7B00D2790A /* Supporting Files */,
				04B9D83E193A306900D2790A /* IdenticonView.h */,
				04B9D83F193A306900D2790A /* IdenticonView.m */,
				04B9D847193A436100D2790A /* SearchResultCell.h */,
				04B9D848193A436100D2790A /* SearchResultCell.m */,
			);
			path = IndenticonDemo;
			sourceTree = "<group>";
		};
		04B9D80D193A2D7B00D2790A /* Supporting Files */ = {
			isa = PBXGroup;
			children = (
				04B9D80E193A2D7B00D2790A /* IdenticonDemo-Info.plist */,
				04B9D80F193A2D7B00D2790A /* InfoPlist.strings */,
				04B9D812193A2D7B00D2790A /* main.m */,
				04B9D814193A2D7B00D2790A /* IdenticonDemo-Prefix.pch */,
			);
			name = "Supporting Files";
			sourceTree = "<group>";
		};
		04B9D82E193A2D7B00D2790A /* IndenticonDemoTests */ = {
			isa = PBXGroup;
			children = (
				04B9D834193A2D7B00D2790A /* IndenticonDemoTests.m */,
				04B9D82F193A2D7B00D2790A /* Supporting Files */,
			);
			path = IndenticonDemoTests;
			sourceTree = "<group>";
		};
		04B9D82F193A2D7B00D2790A /* Supporting Files */ = {
			isa = PBXGroup;
			children = (
				04B9D830193A2D7B00D2790A /* IdenticonDemoTests-Info.plist */,
				04B9D831193A2D7B00D2790A /* InfoPlist.strings */,
			);
			name = "Supporting Files";
			sourceTree = "<group>";
		};
/* End PBXGroup section */

/* Begin PBXNativeTarget section */
		04B9D802193A2D7B00D2790A /* IdenticonDemo */ = {
			isa = PBXNativeTarget;
			buildConfigurationList = 04B9D838193A2D7B00D2790A /* Build configuration list for PBXNativeTarget "IdenticonDemo" */;
			buildPhases = (
				04B9D7FF193A2D7B00D2790A /* Sources */,
				04B9D800193A2D7B00D2790A /* Frameworks */,
				04B9D801193A2D7B00D2790A /* Resources */,
			);
			buildRules = (
			);
			dependencies = (
			);
			name = IdenticonDemo;
			productName = IndenticonDemo;
			productReference = 04B9D803193A2D7B00D2790A /* IdenticonDemo.app */;
			productType = "com.apple.product-type.application";
		};
		04B9D826193A2D7B00D2790A /* IdenticonDemoTests */ = {
			isa = PBXNativeTarget;
			buildConfigurationList = 04B9D83B193A2D7B00D2790A /* Build configuration list for PBXNativeTarget "IdenticonDemoTests" */;
			buildPhases = (
				04B9D823193A2D7B00D2790A /* Sources */,
				04B9D824193A2D7B00D2790A /* Frameworks */,
				04B9D825193A2D7B00D2790A /* Resources */,
			);
			buildRules = (
			);
			dependencies = (
				04B9D82D193A2D7B00D2790A /* PBXTargetDependency */,
			);
			name = IdenticonDemoTests;
			productName = IndenticonDemoTests;
			productReference = 04B9D827193A2D7B00D2790A /* IdenticonDemoTests.xctest */;
			productType = "com.apple.product-type.bundle.unit-test";
		};
/* End PBXNativeTarget section */

/* Begin PBXProject section */
		04B9D7FB193A2D7B00D2790A /* Project object */ = {
			isa = PBXProject;
			attributes = {
				LastUpgradeCheck = 0510;
				ORGANIZATIONNAME = "___FULLUSERNAME___";
				TargetAttributes = {
					04B9D826193A2D7B00D2790A = {
						TestTargetID = 04B9D802193A2D7B00D2790A;
					};
				};
			};
			buildConfigurationList = 04B9D7FE193A2D7B00D2790A /* Build configuration list for PBXProject "IdenticonDemo" */;
			compatibilityVersion = "Xcode 3.2";
			developmentRegion = English;
			hasScannedForEncodings = 0;
			knownRegions = (
				en,
				Base,
			);
			mainGroup = 04B9D7FA193A2D7B00D2790A;
			productRefGroup = 04B9D804193A2D7B00D2790A /* Products */;
			projectDirPath = "";
			projectRoot = "";
			targets = (
				04B9D802193A2D7B00D2790A /* IdenticonDemo */,
				04B9D826193A2D7B00D2790A /* IdenticonDemoTests */,
			);
		};
/* End PBXProject section */

/* Begin PBXResourcesBuildPhase section */
		04B9D801193A2D7B00D2790A /* Resources */ = {
			isa = PBXResourcesBuildPhase;
			buildActionMask = 2147483647;
			files = (
				04B9D822193A2D7B00D2790A /* Images.xcassets in Resources */,
				04B9D811193A2D7B00D2790A /* InfoPlist.strings in Resources */,
				04B9D81A193A2D7B00D2790A /* Main.storyboard in Resources */,
			);
			runOnlyForDeploymentPostprocessing = 0;
		};
		04B9D825193A2D7B00D2790A /* Resources */ = {
			isa = PBXResourcesBuildPhase;
			buildActionMask = 2147483647;
			files = (
				04B9D833193A2D7B00D2790A /* InfoPlist.strings in Resources */,
			);
			runOnlyForDeploymentPostprocessing = 0;
		};
/* End PBXResourcesBuildPhase section */

/* Begin PBXSourcesBuildPhase section */
		04B9D7FF193A2D7B00D2790A /* Sources */ = {
			isa = PBXSourcesBuildPhase;
			buildActionMask = 2147483647;
			files = (
				04B9D849193A436100D2790A /* SearchResultCell.m in Sources */,
				04B9D843193A350600D2790A /* BigIndenticonViewController.m in Sources */,
				04B9D817193A2D7B00D2790A /* AppDelegate.m in Sources */,
				04B9D840193A306900D2790A /* IdenticonView.m in Sources */,
				04B9D846193A41A700D2790A /* SearchTableViewController.m in Sources */,
				04B9D813193A2D7B00D2790A /* main.m in Sources */,
			);
			runOnlyForDeploymentPostprocessing = 0;
		};
		04B9D823193A2D7B00D2790A /* Sources */ = {
			isa = PBXSourcesBuildPhase;
			buildActionMask = 2147483647;
			files = (
				04B9D835193A2D7B00D2790A /* IndenticonDemoTests.m in Sources */,
			);
			runOnlyForDeploymentPostprocessing = 0;
		};
/* End PBXSourcesBuildPhase section */

/* Begin PBXTargetDependency section */
		04B9D82D193A2D7B00D2790A /* PBXTargetDependency */ = {
			isa = PBXTargetDependency;
			target = 04B9D802193A2D7B00D2790A /* IdenticonDemo */;
			targetProxy = 04B9D82C193A2D7B00D2790A /* PBXContainerItemProxy */;
		};
/* End PBXTargetDependency section */

/* Begin PBXVariantGroup section */
		04B9D80F193A2D7B00D2790A /* InfoPlist.strings */ = {
			isa = PBXVariantGroup;
			children = (
				04B9D810193A2D7B00D2790A /* en */,
			);
			name = InfoPlist.strings;
			sourceTree = "<group>";
		};
		04B9D818193A2D7B00D2790A /* Main.storyboard */ = {
			isa = PBXVariantGroup;
			children = (
				04B9D819193A2D7B00D2790A /* Base */,
			);
			name = Main.storyboard;
			sourceTree = "<group>";
		};
		04B9D831193A2D7B00D2790A /* InfoPlist.strings */ = {
			isa = PBXVariantGroup;
			children = (
				04B9D832193A2D7B00D2790A /* en */,
			);
			name = InfoPlist.strings;
			sourceTree = "<group>";
		};
/* End PBXVariantGroup section */

/* Begin XCBuildConfiguration section */
		04B9D836193A2D7B00D2790A /* Debug */ = {
			isa = XCBuildConfiguration;
			buildSettings = {
				ALWAYS_SEARCH_USER_PATHS = NO;
				CLANG_CXX_LANGUAGE_STANDARD = "gnu++0x";
				CLANG_CXX_LIBRARY = "libc++";
				CLANG_ENABLE_MODULES = YES;
				CLANG_ENABLE_OBJC_ARC = YES;
				CLANG_WARN_BOOL_CONVERSION = YES;
				CLANG_WARN_CONSTANT_CONVERSION = YES;
				CLANG_WARN_DIRECT_OBJC_ISA_USAGE = YES_ERROR;
				CLANG_WARN_EMPTY_BODY = YES;
				CLANG_WARN_ENUM_CONVERSION = YES;
				CLANG_WARN_INT_CONVERSION = YES;
				CLANG_WARN_OBJC_ROOT_CLASS = YES_ERROR;
				CLANG_WARN__DUPLICATE_METHOD_MATCH = YES;
				"CODE_SIGN_IDENTITY[sdk=iphoneos*]" = "iPhone Developer";
				COPY_PHASE_STRIP = NO;
				GCC_C_LANGUAGE_STANDARD = gnu99;
				GCC_DYNAMIC_NO_PIC = NO;
				GCC_OPTIMIZATION_LEVEL = 0;
				GCC_PREPROCESSOR_DEFINITIONS = (
					"DEBUG=1",
					"$(inherited)",
				);
				GCC_SYMBOLS_PRIVATE_EXTERN = NO;
				GCC_WARN_64_TO_32_BIT_CONVERSION = YES;
				GCC_WARN_ABOUT_RETURN_TYPE = YES_ERROR;
				GCC_WARN_UNDECLARED_SELECTOR = YES;
				GCC_WARN_UNINITIALIZED_AUTOS = YES_AGGRESSIVE;
				GCC_WARN_UNUSED_FUNCTION = YES;
				GCC_WARN_UNUSED_VARIABLE = YES;
				IPHONEOS_DEPLOYMENT_TARGET = 7.1;
				ONLY_ACTIVE_ARCH = YES;
				SDKROOT = iphoneos;
			};
			name = Debug;
		};
		04B9D837193A2D7B00D2790A /* Release */ = {
			isa = XCBuildConfiguration;
			buildSettings = {
				ALWAYS_SEARCH_USER_PATHS = NO;
				CLANG_CXX_LANGUAGE_STANDARD = "gnu++0x";
				CLANG_CXX_LIBRARY = "libc++";
				CLANG_ENABLE_MODULES = YES;
				CLANG_ENABLE_OBJC_ARC = YES;
				CLANG_WARN_BOOL_CONVERSION = YES;
				CLANG_WARN_CONSTANT_CONVERSION = YES;
				CLANG_WARN_DIRECT_OBJC_ISA_USAGE = YES_ERROR;
				CLANG_WARN_EMPTY_BODY = YES;
				CLANG_WARN_ENUM_CONVERSION = YES;
				CLANG_WARN_INT_CONVERSION = YES;
				CLANG_WARN_OBJC_ROOT_CLASS = YES_ERROR;
				CLANG_WARN__DUPLICATE_METHOD_MATCH = YES;
				"CODE_SIGN_IDENTITY[sdk=iphoneos*]" = "iPhone Developer";
				COPY_PHASE_STRIP = YES;
				ENABLE_NS_ASSERTIONS = NO;
				GCC_C_LANGUAGE_STANDARD = gnu99;
				GCC_WARN_64_TO_32_BIT_CONVERSION = YES;
				GCC_WARN_ABOUT_RETURN_TYPE = YES_ERROR;
				GCC_WARN_UNDECLARED_SELECTOR = YES;
				GCC_WARN_UNINITIALIZED_AUTOS = YES_AGGRESSIVE;
				GCC_WARN_UNUSED_FUNCTION = YES;
				GCC_WARN_UNUSED_VARIABLE = YES;
				IPHONEOS_DEPLOYMENT_TARGET = 7.1;
				SDKROOT = iphoneos;
				VALIDATE_PRODUCT = YES;
			};
			name = Release;
		};
		04B9D839193A2D7B00D2790A /* Debug */ = {
			isa = XCBuildConfiguration;
			buildSettings = {
				ASSETCATALOG_COMPILER_APPICON_NAME = AppIcon;
				ASSETCATALOG_COMPILER_LAUNCHIMAGE_NAME = LaunchImage;
				GCC_PRECOMPILE_PREFIX_HEADER = YES;
				GCC_PREFIX_HEADER = "IndenticonDemo/IdenticonDemo-Prefix.pch";
				INFOPLIST_FILE = "IndenticonDemo/IdenticonDemo-Info.plist";
				PRODUCT_NAME = IdenticonDemo;
				WRAPPER_EXTENSION = app;
			};
			name = Debug;
		};
		04B9D83A193A2D7B00D2790A /* Release */ = {
			isa = XCBuildConfiguration;
			buildSettings = {
				ASSETCATALOG_COMPILER_APPICON_NAME = AppIcon;
				ASSETCATALOG_COMPILER_LAUNCHIMAGE_NAME = LaunchImage;
				GCC_PRECOMPILE_PREFIX_HEADER = YES;
				GCC_PREFIX_HEADER = "IndenticonDemo/IdenticonDemo-Prefix.pch";
				INFOPLIST_FILE = "IndenticonDemo/IdenticonDemo-Info.plist";
				PRODUCT_NAME = IdenticonDemo;
				WRAPPER_EXTENSION = app;
			};
			name = Release;
		};
		04B9D83C193A2D7B00D2790A /* Debug */ = {
			isa = XCBuildConfiguration;
			buildSettings = {
				BUNDLE_LOADER = "$(BUILT_PRODUCTS_DIR)/IndenticonDemo.app/IndenticonDemo";
				FRAMEWORK_SEARCH_PATHS = (
					"$(SDKROOT)/Developer/Library/Frameworks",
					"$(inherited)",
					"$(DEVELOPER_FRAMEWORKS_DIR)",
				);
				GCC_PRECOMPILE_PREFIX_HEADER = YES;
				GCC_PREFIX_HEADER = "IndenticonDemo/IndenticonDemo-Prefix.pch";
				GCC_PREPROCESSOR_DEFINITIONS = (
					"DEBUG=1",
					"$(inherited)",
				);
				INFOPLIST_FILE = "IndenticonDemoTests/IdenticonDemoTests-Info.plist";
				PRODUCT_NAME = IdenticonDemoTests;
				TEST_HOST = "$(BUNDLE_LOADER)";
				WRAPPER_EXTENSION = xctest;
			};
			name = Debug;
		};
		04B9D83D193A2D7B00D2790A /* Release */ = {
			isa = XCBuildConfiguration;
			buildSettings = {
				BUNDLE_LOADER = "$(BUILT_PRODUCTS_DIR)/IndenticonDemo.app/IndenticonDemo";
				FRAMEWORK_SEARCH_PATHS = (
					"$(SDKROOT)/Developer/Library/Frameworks",
					"$(inherited)",
					"$(DEVELOPER_FRAMEWORKS_DIR)",
				);
				GCC_PRECOMPILE_PREFIX_HEADER = YES;
				GCC_PREFIX_HEADER = "IndenticonDemo/IndenticonDemo-Prefix.pch";
				INFOPLIST_FILE = "IndenticonDemoTests/IdenticonDemoTests-Info.plist";
				PRODUCT_NAME = IdenticonDemoTests;
				TEST_HOST = "$(BUNDLE_LOADER)";
				WRAPPER_EXTENSION = xctest;
			};
			name = Release;
		};
/* End XCBuildConfiguration section */

/* Begin XCConfigurationList section */
		04B9D7FE193A2D7B00D2790A /* Build configuration list for PBXProject "IdenticonDemo" */ = {
			isa = XCConfigurationList;
			buildConfigurations = (
				04B9D836193A2D7B00D2790A /* Debug */,
				04B9D837193A2D7B00D2790A /* Release */,
			);
			defaultConfigurationIsVisible = 0;
			defaultConfigurationName = Release;
		};
		04B9D838193A2D7B00D2790A /* Build configuration list for PBXNativeTarget "IdenticonDemo" */ = {
			isa = XCConfigurationList;
			buildConfigurations = (
				04B9D839193A2D7B00D2790A /* Debug */,
				04B9D83A193A2D7B00D2790A /* Release */,
			);
			defaultConfigurationIsVisible = 0;
		};
		04B9D83B193A2D7B00D2790A /* Build configuration list for PBXNativeTarget "IdenticonDemoTests" */ = {
			isa = XCConfigurationList;
			buildConfigurations = (
				04B9D83C193A2D7B00D2790A /* Debug */,
				04B9D83D193A2D7B00D2790A /* Release */,
			);
			defaultConfigurationIsVisible = 0;
		};
/* End XCConfigurationList section */
	};
	rootObject = 04B9D7FB193A2D7B00D2790A /* Project object */;
}
